
Microsoft Visual Studio Solution File, Format Version 12.00
# Visual Studio Version 17
VisualStudioVersion = 17.2.32616.157
MinimumVisualStudioVersion = 10.0.40219.1
Project("{8BC9CEB8-8B4A-11D0-8D11-00A0C91BC942}") = "Calculator", "Calculator\Calculator.vcxproj", "{86FCBAB8-B7D1-4504-BB48-3DD2FA8C93FF}"
EndProject
Global
	GlobalSection(SolutionConfigurationPlatforms) = preSolution
		Debug|x64 = Debug|x64
		Release|x64 = Release|x64
	EndGlobalSection
	GlobalSection(ProjectConfigurationPlatforms) = postSolution
		{86FCBAB8-B7D1-4504-BB48-3DD2FA8C93FF}.Debug|x64.ActiveCfg = Debug|x64
		{86FCBAB8-B7D1-4504-BB48-3DD2FA8C93FF}.Debug|x64.Build.0 = Debug|x64
		{86FCBAB8-B7D1-4504-BB48-3DD2FA8C93FF}.Release|x64.ActiveCfg = Release|x64
		{86FCBAB8-B7D1-4504-BB48-3DD2FA8C93FF}.Release|x64.Build.0 = Release|x64
	EndGlobalSection
	GlobalSection(SolutionProperties) = preSolution
		HideSolutionNode = FALSE
	EndGlobalSection
	GlobalSection(ExtensibilityGlobals) = postSolution
		SolutionGuid = {7D7D7510-9734-4951-92E2-2FF22C48FAD7}
	EndGlobalSection
EndGlobal
